
Microsoft Visual Studio Solution File, Format Version 12.00
# Visual Studio Version 16
VisualStudioVersion = 16.0.31911.196
MinimumVisualStudioVersion = 10.0.40219.1
Project("{9A19103F-16F7-4668-BE54-9A1E7A4F7556}") = "API", "API.csproj", "{72C38B86-DCEB-462C-ABED-F04B5EC6BABD}"
EndProject
Project("{FAE04EC0-301F-11D3-BF4B-00C04F79EFBC}") = "Client", "..\Client\Client.csproj", "{FB281A96-0DE5-47BB-92C3-0C4DE266ADC8}"
EndProject
Global
	GlobalSection(SolutionConfigurationPlatforms) = preSolution
		Debug|Any CPU = Debug|Any CPU
		Release|Any CPU = Release|Any CPU
	EndGlobalSection
	GlobalSection(ProjectConfigurationPlatforms) = postSolution
		{72C38B86-DCEB-462C-ABED-F04B5EC6BABD}.Debug|Any CPU.ActiveCfg = Debug|Any CPU
		{72C38B86-DCEB-462C-ABED-F04B5EC6BABD}.Debug|Any CPU.Build.0 = Debug|Any CPU
		{72C38B86-DCEB-462C-ABED-F04B5EC6BABD}.Release|Any CPU.ActiveCfg = Release|Any CPU
		{72C38B86-DCEB-462C-ABED-F04B5EC6BABD}.Release|Any CPU.Build.0 = Release|Any CPU
		{FB281A96-0DE5-47BB-92C3-0C4DE266ADC8}.Debug|Any CPU.ActiveCfg = Debug|Any CPU
		{FB281A96-0DE5-47BB-92C3-0C4DE266ADC8}.Debug|Any CPU.Build.0 = Debug|Any CPU
		{FB281A96-0DE5-47BB-92C3-0C4DE266ADC8}.Release|Any CPU.ActiveCfg = Release|Any CPU
		{FB281A96-0DE5-47BB-92C3-0C4DE266ADC8}.Release|Any CPU.Build.0 = Release|Any CPU
	EndGlobalSection
	GlobalSection(SolutionProperties) = preSolution
		HideSolutionNode = FALSE
	EndGlobalSection
	GlobalSection(ExtensibilityGlobals) = postSolution
		SolutionGuid = {5366DF52-0938-421B-ACC3-19EFE68A0E17}
	EndGlobalSection
EndGlobal
